
Microsoft Visual Studio Solution File, Format Version 12.00
# Visual Studio 14
VisualStudioVersion = 14.0.25420.1
MinimumVisualStudioVersion = 10.0.40219.1
Project("{FAE04EC0-301F-11D3-BF4B-00C04F79EFBC}") = "ColonyPlusPlus-Core", "ColonyPlusPlus-Core\ColonyPlusPlus-Core.csproj", "{5EB0467E-36F4-447F-80FA-194CAE8CBA73}"
EndProject
Project("{FAE04EC0-301F-11D3-BF4B-00C04F79EFBC}") = "ColonyPlusPlus-Decorative", "ColonyPlusPlus-Decorative\ColonyPlusPlus-Decorative.csproj", "{D57393EA-D44E-4051-8B63-EAE1AB342049}"
EndProject
Project("{FAE04EC0-301F-11D3-BF4B-00C04F79EFBC}") = "ColonyPlusPlus-Utilities", "ColonyPlusPlus-Utilities\ColonyPlusPlus-Utilities.csproj", "{60444A88-32B8-4520-BAEB-9B6AACE04B20}"
EndProject
Global
	GlobalSection(SolutionConfigurationPlatforms) = preSolution
		Debug|Any CPU = Debug|Any CPU
		Release|Any CPU = Release|Any CPU
	EndGlobalSection
	GlobalSection(ProjectConfigurationPlatforms) = postSolution
		{5EB0467E-36F4-447F-80FA-194CAE8CBA73}.Debug|Any CPU.ActiveCfg = Debug|Any CPU
		{5EB0467E-36F4-447F-80FA-194CAE8CBA73}.Debug|Any CPU.Build.0 = Debug|Any CPU
		{5EB0467E-36F4-447F-80FA-194CAE8CBA73}.Release|Any CPU.ActiveCfg = Release|Any CPU
		{5EB0467E-36F4-447F-80FA-194CAE8CBA73}.Release|Any CPU.Build.0 = Release|Any CPU
		{D57393EA-D44E-4051-8B63-EAE1AB342049}.Debug|Any CPU.ActiveCfg = Debug|Any CPU
		{D57393EA-D44E-4051-8B63-EAE1AB342049}.Debug|Any CPU.Build.0 = Debug|Any CPU
		{D57393EA-D44E-4051-8B63-EAE1AB342049}.Release|Any CPU.ActiveCfg = Release|Any CPU
		{D57393EA-D44E-4051-8B63-EAE1AB342049}.Release|Any CPU.Build.0 = Release|Any CPU
		{60444A88-32B8-4520-BAEB-9B6AACE04B20}.Debug|Any CPU.ActiveCfg = Debug|Any CPU
		{60444A88-32B8-4520-BAEB-9B6AACE04B20}.Debug|Any CPU.Build.0 = Debug|Any CPU
		{60444A88-32B8-4520-BAEB-9B6AACE04B20}.Release|Any CPU.ActiveCfg = Release|Any CPU
		{60444A88-32B8-4520-BAEB-9B6AACE04B20}.Release|Any CPU.Build.0 = Release|Any CPU
	EndGlobalSection
	GlobalSection(SolutionProperties) = preSolution
		HideSolutionNode = FALSE
	EndGlobalSection
EndGlobal
